
Microsoft Visual Studio Solution File, Format Version 12.00
# Visual Studio Version 17
VisualStudioVersion = 17.0.31903.59
MinimumVisualStudioVersion = 10.0.40219.1
Project("{2150E333-8FDC-42A3-9474-1A3956D46DE8}") = "src", "src", "{827E0CD3-B72D-47B6-A68D-7590B98EB39B}"
EndProject
Project("{2150E333-8FDC-42A3-9474-1A3956D46DE8}") = "Core", "Core", "{8D626EA8-CB54-BC41-363A-217881BEBA6E}"
EndProject
Project("{FAE04EC0-301F-11D3-BF4B-00C04F79EFBC}") = "QuoteManagement.Domain", "src\Core\QuoteManagement.Domain\QuoteManagement.Domain.csproj", "{325ACE3E-7067-4AC1-A30D-F3BFF446A7AB}"
EndProject
Project("{FAE04EC0-301F-11D3-BF4B-00C04F79EFBC}") = "QuoteManagement.Application", "src\Core\QuoteManagement.Application\QuoteManagement.Application.csproj", "{B473CC12-5928-41E7-BCFE-06C43BF26C85}"
EndProject
Project("{2150E333-8FDC-42A3-9474-1A3956D46DE8}") = "Infrastructure", "Infrastructure", "{9048EB7F-3875-A59E-E36B-5BD4C6F2A282}"
EndProject
Project("{FAE04EC0-301F-11D3-BF4B-00C04F79EFBC}") = "QuoteManagement.Infrastructure", "src\Infrastructure\QuoteManagement.Infrastructure\QuoteManagement.Infrastructure.csproj", "{643EC447-8C19-4A5A-AD9B-6FBF25FCDB82}"
EndProject
Project("{FAE04EC0-301F-11D3-BF4B-00C04F79EFBC}") = "QuoteManagement.Persistence", "src\Infrastructure\QuoteManagement.Persistence\QuoteManagement.Persistence.csproj", "{AAD2BD7F-E9DF-4757-9182-95E5FCD9B983}"
EndProject
Project("{2150E333-8FDC-42A3-9474-1A3956D46DE8}") = "Presentation", "Presentation", "{6996BBF7-DB31-59BC-C7DD-9A7CCC6138C4}"
EndProject
Project("{FAE04EC0-301F-11D3-BF4B-00C04F79EFBC}") = "QuoteManagement.API", "src\Presentation\QuoteManagement.API\QuoteManagement.API.csproj", "{D5D7C9C2-26DC-4B81-A742-AB157110AF9F}"
EndProject
Global
	GlobalSection(SolutionConfigurationPlatforms) = preSolution
		Debug|Any CPU = Debug|Any CPU
		Debug|x64 = Debug|x64
		Debug|x86 = Debug|x86
		Release|Any CPU = Release|Any CPU
		Release|x64 = Release|x64
		Release|x86 = Release|x86
	EndGlobalSection
	GlobalSection(ProjectConfigurationPlatforms) = postSolution
		{325ACE3E-7067-4AC1-A30D-F3BFF446A7AB}.Debug|Any CPU.ActiveCfg = Debug|Any CPU
		{325ACE3E-7067-4AC1-A30D-F3BFF446A7AB}.Debug|Any CPU.Build.0 = Debug|Any CPU
		{325ACE3E-7067-4AC1-A30D-F3BFF446A7AB}.Debug|x64.ActiveCfg = Debug|Any CPU
		{325ACE3E-7067-4AC1-A30D-F3BFF446A7AB}.Debug|x64.Build.0 = Debug|Any CPU
		{325ACE3E-7067-4AC1-A30D-F3BFF446A7AB}.Debug|x86.ActiveCfg = Debug|Any CPU
		{325ACE3E-7067-4AC1-A30D-F3BFF446A7AB}.Debug|x86.Build.0 = Debug|Any CPU
		{325ACE3E-7067-4AC1-A30D-F3BFF446A7AB}.Release|Any CPU.ActiveCfg = Release|Any CPU
		{325ACE3E-7067-4AC1-A30D-F3BFF446A7AB}.Release|Any CPU.Build.0 = Release|Any CPU
		{325ACE3E-7067-4AC1-A30D-F3BFF446A7AB}.Release|x64.ActiveCfg = Release|Any CPU
		{325ACE3E-7067-4AC1-A30D-F3BFF446A7AB}.Release|x64.Build.0 = Release|Any CPU
		{325ACE3E-7067-4AC1-A30D-F3BFF446A7AB}.Release|x86.ActiveCfg = Release|Any CPU
		{325ACE3E-7067-4AC1-A30D-F3BFF446A7AB}.Release|x86.Build.0 = Release|Any CPU
		{B473CC12-5928-41E7-BCFE-06C43BF26C85}.Debug|Any CPU.ActiveCfg = Debug|Any CPU
		{B473CC12-5928-41E7-BCFE-06C43BF26C85}.Debug|Any CPU.Build.0 = Debug|Any CPU
		{B473CC12-5928-41E7-BCFE-06C43BF26C85}.Debug|x64.ActiveCfg = Debug|Any CPU
		{B473CC12-5928-41E7-BCFE-06C43BF26C85}.Debug|x64.Build.0 = Debug|Any CPU
		{B473CC12-5928-41E7-BCFE-06C43BF26C85}.Debug|x86.ActiveCfg = Debug|Any CPU
		{B473CC12-5928-41E7-BCFE-06C43BF26C85}.Debug|x86.Build.0 = Debug|Any CPU
		{B473CC12-5928-41E7-BCFE-06C43BF26C85}.Release|Any CPU.ActiveCfg = Release|Any CPU
		{B473CC12-5928-41E7-BCFE-06C43BF26C85}.Release|Any CPU.Build.0 = Release|Any CPU
		{B473CC12-5928-41E7-BCFE-06C43BF26C85}.Release|x64.ActiveCfg = Release|Any CPU
		{B473CC12-5928-41E7-BCFE-06C43BF26C85}.Release|x64.Build.0 = Release|Any CPU
		{B473CC12-5928-41E7-BCFE-06C43BF26C85}.Release|x86.ActiveCfg = Release|Any CPU
		{B473CC12-5928-41E7-BCFE-06C43BF26C85}.Release|x86.Build.0 = Release|Any CPU
		{643EC447-8C19-4A5A-AD9B-6FBF25FCDB82}.Debug|Any CPU.ActiveCfg = Debug|Any CPU
		{643EC447-8C19-4A5A-AD9B-6FBF25FCDB82}.Debug|Any CPU.Build.0 = Debug|Any CPU
		{643EC447-8C19-4A5A-AD9B-6FBF25FCDB82}.Debug|x64.ActiveCfg = Debug|Any CPU
		{643EC447-8C19-4A5A-AD9B-6FBF25FCDB82}.Debug|x64.Build.0 = Debug|Any CPU
		{643EC447-8C19-4A5A-AD9B-6FBF25FCDB82}.Debug|x86.ActiveCfg = Debug|Any CPU
		{643EC447-8C19-4A5A-AD9B-6FBF25FCDB82}.Debug|x86.Build.0 = Debug|Any CPU
		{643EC447-8C19-4A5A-AD9B-6FBF25FCDB82}.Release|Any CPU.ActiveCfg = Release|Any CPU
		{643EC447-8C19-4A5A-AD9B-6FBF25FCDB82}.Release|Any CPU.Build.0 = Release|Any CPU
		{643EC447-8C19-4A5A-AD9B-6FBF25FCDB82}.Release|x64.ActiveCfg = Release|Any CPU
		{643EC447-8C19-4A5A-AD9B-6FBF25FCDB82}.Release|x64.Build.0 = Release|Any CPU
		{643EC447-8C19-4A5A-AD9B-6FBF25FCDB82}.Release|x86.ActiveCfg = Release|Any CPU
		{643EC447-8C19-4A5A-AD9B-6FBF25FCDB82}.Release|x86.Build.0 = Release|Any CPU
		{AAD2BD7F-E9DF-4757-9182-95E5FCD9B983}.Debug|Any CPU.ActiveCfg = Debug|Any CPU
		{AAD2BD7F-E9DF-4757-9182-95E5FCD9B983}.Debug|Any CPU.Build.0 = Debug|Any CPU
		{AAD2BD7F-E9DF-4757-9182-95E5FCD9B983}.Debug|x64.ActiveCfg = Debug|Any CPU
		{AAD2BD7F-E9DF-4757-9182-95E5FCD9B983}.Debug|x64.Build.0 = Debug|Any CPU
		{AAD2BD7F-E9DF-4757-9182-95E5FCD9B983}.Debug|x86.ActiveCfg = Debug|Any CPU
		{AAD2BD7F-E9DF-4757-9182-95E5FCD9B983}.Debug|x86.Build.0 = Debug|Any CPU
		{AAD2BD7F-E9DF-4757-9182-95E5FCD9B983}.Release|Any CPU.ActiveCfg = Release|Any CPU
		{AAD2BD7F-E9DF-4757-9182-95E5FCD9B983}.Release|Any CPU.Build.0 = Release|Any CPU
		{AAD2BD7F-E9DF-4757-9182-95E5FCD9B983}.Release|x64.ActiveCfg = Release|Any CPU
		{AAD2BD7F-E9DF-4757-9182-95E5FCD9B983}.Release|x64.Build.0 = Release|Any CPU
		{AAD2BD7F-E9DF-4757-9182-95E5FCD9B983}.Release|x86.ActiveCfg = Release|Any CPU
		{AAD2BD7F-E9DF-4757-9182-95E5FCD9B983}.Release|x86.Build.0 = Release|Any CPU
		{D5D7C9C2-26DC-4B81-A742-AB157110AF9F}.Debug|Any CPU.ActiveCfg = Debug|Any CPU
		{D5D7C9C2-26DC-4B81-A742-AB157110AF9F}.Debug|Any CPU.Build.0 = Debug|Any CPU
		{D5D7C9C2-26DC-4B81-A742-AB157110AF9F}.Debug|x64.ActiveCfg = Debug|Any CPU
		{D5D7C9C2-26DC-4B81-A742-AB157110AF9F}.Debug|x64.Build.0 = Debug|Any CPU
		{D5D7C9C2-26DC-4B81-A742-AB157110AF9F}.Debug|x86.ActiveCfg = Debug|Any CPU
		{D5D7C9C2-26DC-4B81-A742-AB157110AF9F}.Debug|x86.Build.0 = Debug|Any CPU
		{D5D7C9C2-26DC-4B81-A742-AB157110AF9F}.Release|Any CPU.ActiveCfg = Release|Any CPU
		{D5D7C9C2-26DC-4B81-A742-AB157110AF9F}.Release|Any CPU.Build.0 = Release|Any CPU
		{D5D7C9C2-26DC-4B81-A742-AB157110AF9F}.Release|x64.ActiveCfg = Release|Any CPU
		{D5D7C9C2-26DC-4B81-A742-AB157110AF9F}.Release|x64.Build.0 = Release|Any CPU
		{D5D7C9C2-26DC-4B81-A742-AB157110AF9F}.Release|x86.ActiveCfg = Release|Any CPU
		{D5D7C9C2-26DC-4B81-A742-AB157110AF9F}.Release|x86.Build.0 = Release|Any CPU
	EndGlobalSection
	GlobalSection(SolutionProperties) = preSolution
		HideSolutionNode = FALSE
	EndGlobalSection
	GlobalSection(NestedProjects) = preSolution
		{8D626EA8-CB54-BC41-363A-217881BEBA6E} = {827E0CD3-B72D-47B6-A68D-7590B98EB39B}
		{325ACE3E-7067-4AC1-A30D-F3BFF446A7AB} = {8D626EA8-CB54-BC41-363A-217881BEBA6E}
		{B473CC12-5928-41E7-BCFE-06C43BF26C85} = {8D626EA8-CB54-BC41-363A-217881BEBA6E}
		{9048EB7F-3875-A59E-E36B-5BD4C6F2A282} = {827E0CD3-B72D-47B6-A68D-7590B98EB39B}
		{643EC447-8C19-4A5A-AD9B-6FBF25FCDB82} = {9048EB7F-3875-A59E-E36B-5BD4C6F2A282}
		{AAD2BD7F-E9DF-4757-9182-95E5FCD9B983} = {9048EB7F-3875-A59E-E36B-5BD4C6F2A282}
		{6996BBF7-DB31-59BC-C7DD-9A7CCC6138C4} = {827E0CD3-B72D-47B6-A68D-7590B98EB39B}
		{D5D7C9C2-26DC-4B81-A742-AB157110AF9F} = {6996BBF7-DB31-59BC-C7DD-9A7CCC6138C4}
	EndGlobalSection
EndGlobal
